
Microsoft Visual Studio Solution File, Format Version 12.00
# Visual Studio Version 16
VisualStudioVersion = 16.0.30320.27
MinimumVisualStudioVersion = 10.0.40219.1
Project("{FAE04EC0-301F-11D3-BF4B-00C04F79EFBC}") = "ConsoleToTortoiseTest", "ConsoleToTortoiseTest\ConsoleToTortoiseTest.csproj", "{FAE71C57-2ACE-4B5D-BB15-1076333A604F}"
EndProject
Project("{FAE04EC0-301F-11D3-BF4B-00C04F79EFBC}") = "TestForms", "TestForms\TestForms.csproj", "{0F4D7FC4-C554-4A25-BF00-12D2A93FEC21}"
EndProject
Global
	GlobalSection(SolutionConfigurationPlatforms) = preSolution
		Debug|Any CPU = Debug|Any CPU
		Release|Any CPU = Release|Any CPU
	EndGlobalSection
	GlobalSection(ProjectConfigurationPlatforms) = postSolution
		{FAE71C57-2ACE-4B5D-BB15-1076333A604F}.Debug|Any CPU.ActiveCfg = Debug|Any CPU
		{FAE71C57-2ACE-4B5D-BB15-1076333A604F}.Debug|Any CPU.Build.0 = Debug|Any CPU
		{FAE71C57-2ACE-4B5D-BB15-1076333A604F}.Release|Any CPU.ActiveCfg = Release|Any CPU
		{FAE71C57-2ACE-4B5D-BB15-1076333A604F}.Release|Any CPU.Build.0 = Release|Any CPU
		{0F4D7FC4-C554-4A25-BF00-12D2A93FEC21}.Debug|Any CPU.ActiveCfg = Debug|Any CPU
		{0F4D7FC4-C554-4A25-BF00-12D2A93FEC21}.Debug|Any CPU.Build.0 = Debug|Any CPU
		{0F4D7FC4-C554-4A25-BF00-12D2A93FEC21}.Release|Any CPU.ActiveCfg = Release|Any CPU
		{0F4D7FC4-C554-4A25-BF00-12D2A93FEC21}.Release|Any CPU.Build.0 = Release|Any CPU
	EndGlobalSection
	GlobalSection(SolutionProperties) = preSolution
		HideSolutionNode = FALSE
	EndGlobalSection
	GlobalSection(ExtensibilityGlobals) = postSolution
		SolutionGuid = {7FC3B2B2-5068-400E-BD07-C35E1BC41981}
	EndGlobalSection
EndGlobal
